// !$*UTF8*$!
{
	archiveVersion = 1;
	classes = {
	};
	objectVersion = 50;
	objects = {

/* Begin PBXBuildFile section */
		260BA9B52738705F0055448D /* ListInfoView.swift in Sources */ = {isa = PBXBuildFile; fileRef = 260BA9B42738705F0055448D /* ListInfoView.swift */; };
		260BA9B7273870C50055448D /* Item.swift in Sources */ = {isa = PBXBuildFile; fileRef = 260BA9B6273870C50055448D /* Item.swift */; };
		260BA9B9274C0B5E0055448D /* AcercaDeLaApp.swift in Sources */ = {isa = PBXBuildFile; fileRef = 260BA9B8274C0B5E0055448D /* AcercaDeLaApp.swift */; };
		260BA9BB274C0B730055448D /* Donaciones.swift in Sources */ = {isa = PBXBuildFile; fileRef = 260BA9BA274C0B730055448D /* Donaciones.swift */; };
		260D396D27B2E9F100888A2B /* CustomButton2.swift in Sources */ = {isa = PBXBuildFile; fileRef = 260D396C27B2E9F100888A2B /* CustomButton2.swift */; };
		262555FB272B80C300D6DA1A /* TabBar.swift in Sources */ = {isa = PBXBuildFile; fileRef = 262555FA272B80C300D6DA1A /* TabBar.swift */; };
		262555FD272B83C200D6DA1A /* TabButton.swift in Sources */ = {isa = PBXBuildFile; fileRef = 262555FC272B83C200D6DA1A /* TabButton.swift */; };
		262555FF272B8FDE00D6DA1A /* ContentView.swift in Sources */ = {isa = PBXBuildFile; fileRef = 262555FE272B8FDE00D6DA1A /* ContentView.swift */; };
		262556012735691200D6DA1A /* Coritario.swift in Sources */ = {isa = PBXBuildFile; fileRef = 262556002735691200D6DA1A /* Coritario.swift */; };
		262572BC27B079DF00F675EF /* ModalView.swift in Sources */ = {isa = PBXBuildFile; fileRef = 262572BB27B079DF00F675EF /* ModalView.swift */; };
		262ED9EB271F8EB600023459 /* AppDelegate.swift in Sources */ = {isa = PBXBuildFile; fileRef = 262ED9EA271F8EB600023459 /* AppDelegate.swift */; };
		262ED9EF271F8EB600023459 /* Home.swift in Sources */ = {isa = PBXBuildFile; fileRef = 262ED9EE271F8EB600023459 /* Home.swift */; };
		262ED9F1271F8EB900023459 /* Assets.xcassets in Resources */ = {isa = PBXBuildFile; fileRef = 262ED9F0271F8EB900023459 /* Assets.xcassets */; };
		262ED9F4271F8EB900023459 /* Preview Assets.xcassets in Resources */ = {isa = PBXBuildFile; fileRef = 262ED9F3271F8EB900023459 /* Preview Assets.xcassets */; };
		262ED9F7271F8EB900023459 /* LaunchScreen.storyboard in Resources */ = {isa = PBXBuildFile; fileRef = 262ED9F5271F8EB900023459 /* LaunchScreen.storyboard */; };
		262EDA08271F971400023459 /* PDF.swift in Sources */ = {isa = PBXBuildFile; fileRef = 262EDA07271F971400023459 /* PDF.swift */; };
		262EDA0A271F9B5B00023459 /* Cancion.swift in Sources */ = {isa = PBXBuildFile; fileRef = 262EDA09271F9B5B00023459 /* Cancion.swift */; };
		262EDA0C271F9BEB00023459 /* RowView.swift in Sources */ = {isa = PBXBuildFile; fileRef = 262EDA0B271F9BEB00023459 /* RowView.swift */; };
		266FAD7527ADD49F005CC046 /* CustomButton.swift in Sources */ = {isa = PBXBuildFile; fileRef = 266FAD7427ADD49F005CC046 /* CustomButton.swift */; };
		267A12F427AD6674007326E1 /* coritario.pdf in Resources */ = {isa = PBXBuildFile; fileRef = 267A12F327AD6673007326E1 /* coritario.pdf */; };
/* End PBXBuildFile section */

/* Begin PBXFileReference section */
		260BA9B42738705F0055448D /* ListInfoView.swift */ = {isa = PBXFileReference; lastKnownFileType = sourcecode.swift; path = ListInfoView.swift; sourceTree = "<group>"; };
		260BA9B6273870C50055448D /* Item.swift */ = {isa = PBXFileReference; lastKnownFileType = sourcecode.swift; path = Item.swift; sourceTree = "<group>"; };
		260BA9B8274C0B5E0055448D /* AcercaDeLaApp.swift */ = {isa = PBXFileReference; lastKnownFileType = sourcecode.swift; path = AcercaDeLaApp.swift; sourceTree = "<group>"; };
		260BA9BA274C0B730055448D /* Donaciones.swift */ = {isa = PBXFileReference; lastKnownFileType = sourcecode.swift; path = Donaciones.swift; sourceTree = "<group>"; };
		260D396C27B2E9F100888A2B /* CustomButton2.swift */ = {isa = PBXFileReference; lastKnownFileType = sourcecode.swift; path = CustomButton2.swift; sourceTree = "<group>"; };
		262555FA272B80C300D6DA1A /* TabBar.swift */ = {isa = PBXFileReference; lastKnownFileType = sourcecode.swift; path = TabBar.swift; sourceTree = "<group>"; };
		262555FC272B83C200D6DA1A /* TabButton.swift */ = {isa = PBXFileReference; lastKnownFileType = sourcecode.swift; path = TabButton.swift; sourceTree = "<group>"; };
		262555FE272B8FDE00D6DA1A /* ContentView.swift */ = {isa = PBXFileReference; lastKnownFileType = sourcecode.swift; path = ContentView.swift; sourceTree = "<group>"; };
		262556002735691200D6DA1A /* Coritario.swift */ = {isa = PBXFileReference; lastKnownFileType = sourcecode.swift; path = Coritario.swift; sourceTree = "<group>"; };
		262572BB27B079DF00F675EF /* ModalView.swift */ = {isa = PBXFileReference; lastKnownFileType = sourcecode.swift; path = ModalView.swift; sourceTree = "<group>"; };
		262ED9E7271F8EB600023459 /* Instituto Misionero.app */ = {isa = PBXFileReference; explicitFileType = wrapper.application; includeInIndex = 0; path = "Instituto Misionero.app"; sourceTree = BUILT_PRODUCTS_DIR; };
		262ED9EA271F8EB600023459 /* AppDelegate.swift */ = {isa = PBXFileReference; lastKnownFileType = sourcecode.swift; path = AppDelegate.swift; sourceTree = "<group>"; };
		262ED9EE271F8EB600023459 /* Home.swift */ = {isa = PBXFileReference; lastKnownFileType = sourcecode.swift; path = Home.swift; sourceTree = "<group>"; };
		262ED9F0271F8EB900023459 /* Assets.xcassets */ = {isa = PBXFileReference; lastKnownFileType = folder.assetcatalog; path = Assets.xcassets; sourceTree = "<group>"; };
		262ED9F3271F8EB900023459 /* Preview Assets.xcassets */ = {isa = PBXFileReference; lastKnownFileType = folder.assetcatalog; path = "Preview Assets.xcassets"; sourceTree = "<group>"; };
		262ED9F6271F8EB900023459 /* Base */ = {isa = PBXFileReference; lastKnownFileType = file.storyboard; name = Base; path = Base.lproj/LaunchScreen.storyboard; sourceTree = "<group>"; };
		262ED9F8271F8EB900023459 /* Info.plist */ = {isa = PBXFileReference; lastKnownFileType = text.plist.xml; path = Info.plist; sourceTree = "<group>"; };
		262EDA07271F971400023459 /* PDF.swift */ = {isa = PBXFileReference; lastKnownFileType = sourcecode.swift; path = PDF.swift; sourceTree = "<group>"; };
		262EDA09271F9B5B00023459 /* Cancion.swift */ = {isa = PBXFileReference; lastKnownFileType = sourcecode.swift; path = Cancion.swift; sourceTree = "<group>"; };
		262EDA0B271F9BEB00023459 /* RowView.swift */ = {isa = PBXFileReference; lastKnownFileType = sourcecode.swift; path = RowView.swift; sourceTree = "<group>"; };
		266FAD7427ADD49F005CC046 /* CustomButton.swift */ = {isa = PBXFileReference; lastKnownFileType = sourcecode.swift; path = CustomButton.swift; sourceTree = "<group>"; };
		267A12F327AD6673007326E1 /* coritario.pdf */ = {isa = PBXFileReference; lastKnownFileType = image.pdf; name = coritario.pdf; path = ../../../../Downloads/coritario.pdf; sourceTree = "<group>"; };
/* End PBXFileReference section */

/* Begin PBXFrameworksBuildPhase section */
		262ED9E4271F8EB600023459 /* Frameworks */ = {
			isa = PBXFrameworksBuildPhase;
			buildActionMask = 2147483647;
			files = (
			);
			runOnlyForDeploymentPostprocessing = 0;
		};
/* End PBXFrameworksBuildPhase section */

/* Begin PBXGroup section */
		262555F9272B809100D6DA1A /* Tab */ = {
			isa = PBXGroup;
			children = (
				262555FE272B8FDE00D6DA1A /* ContentView.swift */,
				262555FA272B80C300D6DA1A /* TabBar.swift */,
				262555FC272B83C200D6DA1A /* TabButton.swift */,
			);
			path = Tab;
			sourceTree = "<group>";
		};
		26255602273569AB00D6DA1A /* Acerca de */ = {
			isa = PBXGroup;
			children = (
				260BA9B42738705F0055448D /* ListInfoView.swift */,
				260BA9B8274C0B5E0055448D /* AcercaDeLaApp.swift */,
				260BA9BA274C0B730055448D /* Donaciones.swift */,
				260D396C27B2E9F100888A2B /* CustomButton2.swift */,
			);
			path = "Acerca de";
			sourceTree = "<group>";
		};
		262ED9DE271F8EB600023459 = {
			isa = PBXGroup;
			children = (
				262ED9E9271F8EB600023459 /* Instituto Misionero */,
				262ED9E8271F8EB600023459 /* Products */,
			);
			sourceTree = "<group>";
		};
		262ED9E8271F8EB600023459 /* Products */ = {
			isa = PBXGroup;
			children = (
				262ED9E7271F8EB600023459 /* Instituto Misionero.app */,
			);
			name = Products;
			sourceTree = "<group>";
		};
		262ED9E9271F8EB600023459 /* Instituto Misionero */ = {
			isa = PBXGroup;
			children = (
				262ED9EA271F8EB600023459 /* AppDelegate.swift */,
				262ED9F0271F8EB900023459 /* Assets.xcassets */,
				262ED9FF271F8F3500023459 /* Controller */,
				262ED9FE271F8F2A00023459 /* View */,
				262ED9F8271F8EB900023459 /* Info.plist */,
				262ED9F5271F8EB900023459 /* LaunchScreen.storyboard */,
				262EDA00271F8F5500023459 /* Util */,
				262ED9F2271F8EB900023459 /* Preview Content */,
			);
			path = "Instituto Misionero";
			sourceTree = "<group>";
		};
		262ED9F2271F8EB900023459 /* Preview Content */ = {
			isa = PBXGroup;
			children = (
				262ED9F3271F8EB900023459 /* Preview Assets.xcassets */,
			);
			path = "Preview Content";
			sourceTree = "<group>";
		};
		262ED9FE271F8F2A00023459 /* View */ = {
			isa = PBXGroup;
			children = (
				262555F9272B809100D6DA1A /* Tab */,
				262EDA04271F963400023459 /* Home */,
				262EDA03271F962500023459 /* Coritario */,
				26255602273569AB00D6DA1A /* Acerca de */,
				262EDA06271F96DD00023459 /* Mas */,
			);
			path = View;
			sourceTree = "<group>";
		};
		262ED9FF271F8F3500023459 /* Controller */ = {
			isa = PBXGroup;
			children = (
				262EDA09271F9B5B00023459 /* Cancion.swift */,
				260BA9B6273870C50055448D /* Item.swift */,
			);
			path = Controller;
			sourceTree = "<group>";
		};
		262EDA00271F8F5500023459 /* Util */ = {
			isa = PBXGroup;
			children = (
				267A12F327AD6673007326E1 /* coritario.pdf */,
			);
			path = Util;
			sourceTree = "<group>";
		};
		262EDA03271F962500023459 /* Coritario */ = {
			isa = PBXGroup;
			children = (
				262EDA0B271F9BEB00023459 /* RowView.swift */,
				262556002735691200D6DA1A /* Coritario.swift */,
				262EDA07271F971400023459 /* PDF.swift */,
			);
			path = Coritario;
			sourceTree = "<group>";
		};
		262EDA04271F963400023459 /* Home */ = {
			isa = PBXGroup;
			children = (
				262ED9EE271F8EB600023459 /* Home.swift */,
				262572BB27B079DF00F675EF /* ModalView.swift */,
				266FAD7427ADD49F005CC046 /* CustomButton.swift */,
			);
			path = Home;
			sourceTree = "<group>";
		};
		262EDA06271F96DD00023459 /* Mas */ = {
			isa = PBXGroup;
			children = (
			);
			path = Mas;
			sourceTree = "<group>";
		};
/* End PBXGroup section */

/* Begin PBXNativeTarget section */
		262ED9E6271F8EB600023459 /* Instituto Misionero */ = {
			isa = PBXNativeTarget;
			buildConfigurationList = 262ED9FB271F8EB900023459 /* Build configuration list for PBXNativeTarget "Instituto Misionero" */;
			buildPhases = (
				262ED9E3271F8EB600023459 /* Sources */,
				262ED9E4271F8EB600023459 /* Frameworks */,
				262ED9E5271F8EB600023459 /* Resources */,
			);
			buildRules = (
			);
			dependencies = (
			);
			name = "Instituto Misionero";
			productName = "Instituto Misionero";
			productReference = 262ED9E7271F8EB600023459 /* Instituto Misionero.app */;
			productType = "com.apple.product-type.application";
		};
/* End PBXNativeTarget section */

/* Begin PBXProject section */
		262ED9DF271F8EB600023459 /* Project object */ = {
			isa = PBXProject;
			attributes = {
				LastSwiftUpdateCheck = 1130;
				LastUpgradeCheck = 1130;
				ORGANIZATIONNAME = KnorDev;
				TargetAttributes = {
					262ED9E6271F8EB600023459 = {
						CreatedOnToolsVersion = 11.3.1;
					};
				};
			};
			buildConfigurationList = 262ED9E2271F8EB600023459 /* Build configuration list for PBXProject "Instituto Misionero" */;
			compatibilityVersion = "Xcode 9.3";
			developmentRegion = en;
			hasScannedForEncodings = 0;
			knownRegions = (
				en,
				Base,
			);
			mainGroup = 262ED9DE271F8EB600023459;
			productRefGroup = 262ED9E8271F8EB600023459 /* Products */;
			projectDirPath = "";
			projectRoot = "";
			targets = (
				262ED9E6271F8EB600023459 /* Instituto Misionero */,
			);
		};
/* End PBXProject section */

/* Begin PBXResourcesBuildPhase section */
		262ED9E5271F8EB600023459 /* Resources */ = {
			isa = PBXResourcesBuildPhase;
			buildActionMask = 2147483647;
			files = (
				262ED9F7271F8EB900023459 /* LaunchScreen.storyboard in Resources */,
				262ED9F4271F8EB900023459 /* Preview Assets.xcassets in Resources */,
				267A12F427AD6674007326E1 /* coritario.pdf in Resources */,
				262ED9F1271F8EB900023459 /* Assets.xcassets in Resources */,
			);
			runOnlyForDeploymentPostprocessing = 0;
		};
/* End PBXResourcesBuildPhase section */

/* Begin PBXSourcesBuildPhase section */
		262ED9E3271F8EB600023459 /* Sources */ = {
			isa = PBXSourcesBuildPhase;
			buildActionMask = 2147483647;
			files = (
				262ED9EB271F8EB600023459 /* AppDelegate.swift in Sources */,
				262EDA0C271F9BEB00023459 /* RowView.swift in Sources */,
				260BA9BB274C0B730055448D /* Donaciones.swift in Sources */,
				262555FF272B8FDE00D6DA1A /* ContentView.swift in Sources */,
				260D396D27B2E9F100888A2B /* CustomButton2.swift in Sources */,
				266FAD7527ADD49F005CC046 /* CustomButton.swift in Sources */,
				260BA9B7273870C50055448D /* Item.swift in Sources */,
				262EDA08271F971400023459 /* PDF.swift in Sources */,
				262555FB272B80C300D6DA1A /* TabBar.swift in Sources */,
				262ED9EF271F8EB600023459 /* Home.swift in Sources */,
				262572BC27B079DF00F675EF /* ModalView.swift in Sources */,
				262EDA0A271F9B5B00023459 /* Cancion.swift in Sources */,
				260BA9B9274C0B5E0055448D /* AcercaDeLaApp.swift in Sources */,
				262555FD272B83C200D6DA1A /* TabButton.swift in Sources */,
				262556012735691200D6DA1A /* Coritario.swift in Sources */,
				260BA9B52738705F0055448D /* ListInfoView.swift in Sources */,
			);
			runOnlyForDeploymentPostprocessing = 0;
		};
/* End PBXSourcesBuildPhase section */

/* Begin PBXVariantGroup section */
		262ED9F5271F8EB900023459 /* LaunchScreen.storyboard */ = {
			isa = PBXVariantGroup;
			children = (
				262ED9F6271F8EB900023459 /* Base */,
			);
			name = LaunchScreen.storyboard;
			sourceTree = "<group>";
		};
/* End PBXVariantGroup section */

/* Begin XCBuildConfiguration section */
		262ED9F9271F8EB900023459 /* Debug */ = {
			isa = XCBuildConfiguration;
			buildSettings = {
				ALWAYS_SEARCH_USER_PATHS = NO;
				CLANG_ANALYZER_NONNULL = YES;
				CLANG_ANALYZER_NUMBER_OBJECT_CONVERSION = YES_AGGRESSIVE;
				CLANG_CXX_LANGUAGE_STANDARD = "gnu++14";
				CLANG_CXX_LIBRARY = "libc++";
				CLANG_ENABLE_MODULES = YES;
				CLANG_ENABLE_OBJC_ARC = YES;
				CLANG_ENABLE_OBJC_WEAK = YES;
				CLANG_WARN_BLOCK_CAPTURE_AUTORELEASING = YES;
				CLANG_WARN_BOOL_CONVERSION = YES;
				CLANG_WARN_COMMA = YES;
				CLANG_WARN_CONSTANT_CONVERSION = YES;
				CLANG_WARN_DEPRECATED_OBJC_IMPLEMENTATIONS = YES;
				CLANG_WARN_DIRECT_OBJC_ISA_USAGE = YES_ERROR;
				CLANG_WARN_DOCUMENTATION_COMMENTS = YES;
				CLANG_WARN_EMPTY_BODY = YES;
				CLANG_WARN_ENUM_CONVERSION = YES;
				CLANG_WARN_INFINITE_RECURSION = YES;
				CLANG_WARN_INT_CONVERSION = YES;
				CLANG_WARN_NON_LITERAL_NULL_CONVERSION = YES;
				CLANG_WARN_OBJC_IMPLICIT_RETAIN_SELF = YES;
				CLANG_WARN_OBJC_LITERAL_CONVERSION = YES;
				CLANG_WARN_OBJC_ROOT_CLASS = YES_ERROR;
				CLANG_WARN_RANGE_LOOP_ANALYSIS = YES;
				CLANG_WARN_STRICT_PROTOTYPES = YES;
				CLANG_WARN_SUSPICIOUS_MOVE = YES;
				CLANG_WARN_UNGUARDED_AVAILABILITY = YES_AGGRESSIVE;
				CLANG_WARN_UNREACHABLE_CODE = YES;
				CLANG_WARN__DUPLICATE_METHOD_MATCH = YES;
				COPY_PHASE_STRIP = NO;
				DEBUG_INFORMATION_FORMAT = dwarf;
				ENABLE_STRICT_OBJC_MSGSEND = YES;
				ENABLE_TESTABILITY = YES;
				GCC_C_LANGUAGE_STANDARD = gnu11;
				GCC_DYNAMIC_NO_PIC = NO;
				GCC_NO_COMMON_BLOCKS = YES;
				GCC_OPTIMIZATION_LEVEL = 0;
				GCC_PREPROCESSOR_DEFINITIONS = (
					"DEBUG=1",
					"$(inherited)",
				);
				GCC_WARN_64_TO_32_BIT_CONVERSION = YES;
				GCC_WARN_ABOUT_RETURN_TYPE = YES_ERROR;
				GCC_WARN_UNDECLARED_SELECTOR = YES;
				GCC_WARN_UNINITIALIZED_AUTOS = YES_AGGRESSIVE;
				GCC_WARN_UNUSED_FUNCTION = YES;
				GCC_WARN_UNUSED_VARIABLE = YES;
				IPHONEOS_DEPLOYMENT_TARGET = 13.2;
				MTL_ENABLE_DEBUG_INFO = INCLUDE_SOURCE;
				MTL_FAST_MATH = YES;
				ONLY_ACTIVE_ARCH = YES;
				SDKROOT = iphoneos;
				SWIFT_ACTIVE_COMPILATION_CONDITIONS = DEBUG;
				SWIFT_OPTIMIZATION_LEVEL = "-Onone";
			};
			name = Debug;
		};
		262ED9FA271F8EB900023459 /* Release */ = {
			isa = XCBuildConfiguration;
			buildSettings = {
				ALWAYS_SEARCH_USER_PATHS = NO;
				CLANG_ANALYZER_NONNULL = YES;
				CLANG_ANALYZER_NUMBER_OBJECT_CONVERSION = YES_AGGRESSIVE;
				CLANG_CXX_LANGUAGE_STANDARD = "gnu++14";
				CLANG_CXX_LIBRARY = "libc++";
				CLANG_ENABLE_MODULES = YES;
				CLANG_ENABLE_OBJC_ARC = YES;
				CLANG_ENABLE_OBJC_WEAK = YES;
				CLANG_WARN_BLOCK_CAPTURE_AUTORELEASING = YES;
				CLANG_WARN_BOOL_CONVERSION = YES;
				CLANG_WARN_COMMA = YES;
				CLANG_WARN_CONSTANT_CONVERSION = YES;
				CLANG_WARN_DEPRECATED_OBJC_IMPLEMENTATIONS = YES;
				CLANG_WARN_DIRECT_OBJC_ISA_USAGE = YES_ERROR;
				CLANG_WARN_DOCUMENTATION_COMMENTS = YES;
				CLANG_WARN_EMPTY_BODY = YES;
				CLANG_WARN_ENUM_CONVERSION = YES;
				CLANG_WARN_INFINITE_RECURSION = YES;
				CLANG_WARN_INT_CONVERSION = YES;
				CLANG_WARN_NON_LITERAL_NULL_CONVERSION = YES;
				CLANG_WARN_OBJC_IMPLICIT_RETAIN_SELF = YES;
				CLANG_WARN_OBJC_LITERAL_CONVERSION = YES;
				CLANG_WARN_OBJC_ROOT_CLASS = YES_ERROR;
				CLANG_WARN_RANGE_LOOP_ANALYSIS = YES;
				CLANG_WARN_STRICT_PROTOTYPES = YES;
				CLANG_WARN_SUSPICIOUS_MOVE = YES;
				CLANG_WARN_UNGUARDED_AVAILABILITY = YES_AGGRESSIVE;
				CLANG_WARN_UNREACHABLE_CODE = YES;
				CLANG_WARN__DUPLICATE_METHOD_MATCH = YES;
				COPY_PHASE_STRIP = NO;
				DEBUG_INFORMATION_FORMAT = "dwarf-with-dsym";
				ENABLE_NS_ASSERTIONS = NO;
				ENABLE_STRICT_OBJC_MSGSEND = YES;
				GCC_C_LANGUAGE_STANDARD = gnu11;
				GCC_NO_COMMON_BLOCKS = YES;
				GCC_WARN_64_TO_32_BIT_CONVERSION = YES;
				GCC_WARN_ABOUT_RETURN_TYPE = YES_ERROR;
				GCC_WARN_UNDECLARED_SELECTOR = YES;
				GCC_WARN_UNINITIALIZED_AUTOS = YES_AGGRESSIVE;
				GCC_WARN_UNUSED_FUNCTION = YES;
				GCC_WARN_UNUSED_VARIABLE = YES;
				IPHONEOS_DEPLOYMENT_TARGET = 13.2;
				MTL_ENABLE_DEBUG_INFO = NO;
				MTL_FAST_MATH = YES;
				SDKROOT = iphoneos;
				SWIFT_COMPILATION_MODE = wholemodule;
				SWIFT_OPTIMIZATION_LEVEL = "-O";
				VALIDATE_PRODUCT = YES;
			};
			name = Release;
		};
		262ED9FC271F8EB900023459 /* Debug */ = {
			isa = XCBuildConfiguration;
			buildSettings = {
				ASSETCATALOG_COMPILER_APPICON_NAME = AppIcon;
				CODE_SIGN_STYLE = Automatic;
				DEVELOPMENT_ASSET_PATHS = "\"Instituto Misionero/Preview Content\"";
				ENABLE_PREVIEWS = YES;
				INFOPLIST_FILE = "Instituto Misionero/Info.plist";
				LD_RUNPATH_SEARCH_PATHS = (
					"$(inherited)",
					"@executable_path/Frameworks",
				);
				PRODUCT_BUNDLE_IDENTIFIER = "com.knordev.Instituto-Misionero";
				PRODUCT_NAME = "$(TARGET_NAME)";
				SWIFT_VERSION = 5.0;
				TARGETED_DEVICE_FAMILY = "1,2";
			};
			name = Debug;
		};
		262ED9FD271F8EB900023459 /* Release */ = {
			isa = XCBuildConfiguration;
			buildSettings = {
				ASSETCATALOG_COMPILER_APPICON_NAME = AppIcon;
				CODE_SIGN_STYLE = Automatic;
				DEVELOPMENT_ASSET_PATHS = "\"Instituto Misionero/Preview Content\"";
				ENABLE_PREVIEWS = YES;
				INFOPLIST_FILE = "Instituto Misionero/Info.plist";
				LD_RUNPATH_SEARCH_PATHS = (
					"$(inherited)",
					"@executable_path/Frameworks",
				);
				PRODUCT_BUNDLE_IDENTIFIER = "com.knordev.Instituto-Misionero";
				PRODUCT_NAME = "$(TARGET_NAME)";
				SWIFT_VERSION = 5.0;
				TARGETED_DEVICE_FAMILY = "1,2";
			};
			name = Release;
		};
/* End XCBuildConfiguration section */

/* Begin XCConfigurationList section */
		262ED9E2271F8EB600023459 /* Build configuration list for PBXProject "Instituto Misionero" */ = {
			isa = XCConfigurationList;
			buildConfigurations = (
				262ED9F9271F8EB900023459 /* Debug */,
				262ED9FA271F8EB900023459 /* Release */,
			);
			defaultConfigurationIsVisible = 0;
			defaultConfigurationName = Release;
		};
		262ED9FB271F8EB900023459 /* Build configuration list for PBXNativeTarget "Instituto Misionero" */ = {
			isa = XCConfigurationList;
			buildConfigurations = (
				262ED9FC271F8EB900023459 /* Debug */,
				262ED9FD271F8EB900023459 /* Release */,
			);
			defaultConfigurationIsVisible = 0;
			defaultConfigurationName = Release;
		};
/* End XCConfigurationList section */
	};
	rootObject = 262ED9DF271F8EB600023459 /* Project object */;
}
